
Microsoft Visual Studio Solution File, Format Version 12.00
# Visual Studio 15
VisualStudioVersion = 15.0.26403.0
MinimumVisualStudioVersion = 10.0.40219.1
Project("{9A19103F-16F7-4668-BE54-9A1E7A4F7556}") = "CetaitQuoiLeContexte.Core.Data", "CetaitQuoiLeContexte.Core.Data\CetaitQuoiLeContexte.Core.Data.csproj", "{E5A30535-B32C-4021-8375-FD2C3B36A5EC}"
EndProject
Project("{2150E333-8FDC-42A3-9474-1A3956D46DE8}") = "Libs", "Libs", "{4BBC87BC-CB1C-4446-B327-C391F6E89271}"
EndProject
Project("{2150E333-8FDC-42A3-9474-1A3956D46DE8}") = ".Interfaces", ".Interfaces", "{A56F2A95-4A78-49B3-9BB0-A040CAED3569}"
EndProject
Project("{9A19103F-16F7-4668-BE54-9A1E7A4F7556}") = "CetaitQuoiLeContexte.Core.Interfaces.Business", "CetaitQuoiLeContexte.Core.Interfaces.Business\CetaitQuoiLeContexte.Core.Interfaces.Business.csproj", "{C9E3594D-C820-46C2-9169-8737ECC560D1}"
EndProject
Project("{2150E333-8FDC-42A3-9474-1A3956D46DE8}") = ".Framework", ".Framework", "{F26F00B8-3B99-4268-B8F5-98C66E23D6DB}"
EndProject
Project("{2150E333-8FDC-42A3-9474-1A3956D46DE8}") = ".Interfaces", ".Interfaces", "{2CE5A456-B3B0-4573-9158-8D4917340AAC}"
EndProject
Project("{9A19103F-16F7-4668-BE54-9A1E7A4F7556}") = "Boissonnot.Framework.Core.Business", "Boissonnot.Framework.Core.Business\Boissonnot.Framework.Core.Business.csproj", "{7B572A8A-153F-4CEA-9A79-240681C6BD83}"
EndProject
Project("{9A19103F-16F7-4668-BE54-9A1E7A4F7556}") = "CetaitQuoiLeContexte.Core.Business", "CetaitQuoiLeContexte.Core.Business\CetaitQuoiLeContexte.Core.Business.csproj", "{3670A8C5-FFA6-405F-B131-C28DB1219E70}"
EndProject
Project("{2150E333-8FDC-42A3-9474-1A3956D46DE8}") = "Web", "Web", "{8E187F18-DFBF-481C-A4DC-1B7667AB86FD}"
EndProject
Project("{2150E333-8FDC-42A3-9474-1A3956D46DE8}") = "Services", "Services", "{DE04EDF9-BE0C-4037-81E4-B142DFA999CD}"
EndProject
Project("{9A19103F-16F7-4668-BE54-9A1E7A4F7556}") = "CetaitQuoiLeContexte.Web.Services.UI", "CetaitQuoiLeContexte.Web.Services.UI\CetaitQuoiLeContexte.Web.Services.UI.csproj", "{0C696822-B403-41EC-8AFB-44E981D746B4}"
EndProject
Project("{E53339B2-1760-4266-BCC7-CA923CBCF16C}") = "docker-compose", "docker-compose.dcproj", "{C97E55FC-D2BF-4CB1-91D4-22AD9ADE26DA}"
EndProject
Project("{9A19103F-16F7-4668-BE54-9A1E7A4F7556}") = "CetaitQuoiLeContexte.Razor.Web.UI", "CetaitQuoiLeContexte.Razor.Web.UI\CetaitQuoiLeContexte.Razor.Web.UI.csproj", "{AAF93FAC-9F0B-4053-B07F-3C716354C26D}"
EndProject
Project("{9A19103F-16F7-4668-BE54-9A1E7A4F7556}") = "CetaitQuoiLeContexte.Core.Business.WebService.Access", "CetaitQuoiLeContexte.Core.Business.WebService.Access\CetaitQuoiLeContexte.Core.Business.WebService.Access.csproj", "{37C6ED61-DA5B-4224-9A07-867B3FA2FBED}"
EndProject
Project("{9A19103F-16F7-4668-BE54-9A1E7A4F7556}") = "CetaitQuoiLeContexte.Core.Business.Filters", "..\CetaitQuoiLeContexte.Core.Business.Filters\CetaitQuoiLeContexte.Core.Business.Filters.csproj", "{2E6A1251-D46C-4EF4-BDC8-110BF0F5F740}"
EndProject
Project("{9A19103F-16F7-4668-BE54-9A1E7A4F7556}") = "Boissonnot.Framework.Core.Extensions", "..\Boissonnot.Framework.Core.Extensions\Boissonnot.Framework.Core.Extensions.csproj", "{53318EDB-B455-4541-9327-E85B3BC8C52C}"
EndProject
Project("{9A19103F-16F7-4668-BE54-9A1E7A4F7556}") = "Boissonnot.Framework.Core.Interfaces", "Boissonnot.Framework.Core.Interfaces\Boissonnot.Framework.Core.Interfaces.csproj", "{D5678408-0701-47E4-905A-0570612815B7}"
EndProject
Project("{9A19103F-16F7-4668-BE54-9A1E7A4F7556}") = "CetaitQuoiLeContexte.Core.Interfaces.Data", "CetaitQuoiLeContexte.Core.Interfaces.Data\CetaitQuoiLeContexte.Core.Interfaces.Data.csproj", "{AC24D643-67FE-4253-A7C2-8CEBE177047A}"
EndProject
Project("{9A19103F-16F7-4668-BE54-9A1E7A4F7556}") = "CetaitQuoiLeContexte.Core", "CetaitQuoiLeContexte.Core\CetaitQuoiLeContexte.Core.csproj", "{EF08BF11-C404-4BC5-8BC2-9579BC4C6874}"
EndProject
Project("{9A19103F-16F7-4668-BE54-9A1E7A4F7556}") = "CetaitQuoiLeContexte.Core.Interfaces", "CetaitQuoiLeContexte.Core.Interfaces\CetaitQuoiLeContexte.Core.Interfaces.csproj", "{FF432AD9-DFA1-45DA-B8EC-76F514448353}"
EndProject
Project("{9A19103F-16F7-4668-BE54-9A1E7A4F7556}") = "CetaitQuoiLeContexte.Core.Interfaces.Loggers", "..\CetaitQuoiLeContexte.Core.Interfaces.Loggers\CetaitQuoiLeContexte.Core.Interfaces.Loggers.csproj", "{BCE44429-F51C-40F0-B4AF-4531D5E2FDCC}"
EndProject
Project("{9A19103F-16F7-4668-BE54-9A1E7A4F7556}") = "CetaitQuoiLeContexte.Core.Loggers", "CetaitQuoiLeContexte.Core.Loggers\CetaitQuoiLeContexte.Core.Loggers.csproj", "{AA6889E8-066A-4ECB-8DCD-1290F701577C}"
EndProject
Global
	GlobalSection(SolutionConfigurationPlatforms) = preSolution
		Debug|Any CPU = Debug|Any CPU
		Release|Any CPU = Release|Any CPU
	EndGlobalSection
	GlobalSection(ProjectConfigurationPlatforms) = postSolution
		{E5A30535-B32C-4021-8375-FD2C3B36A5EC}.Debug|Any CPU.ActiveCfg = Debug|Any CPU
		{E5A30535-B32C-4021-8375-FD2C3B36A5EC}.Debug|Any CPU.Build.0 = Debug|Any CPU
		{E5A30535-B32C-4021-8375-FD2C3B36A5EC}.Release|Any CPU.ActiveCfg = Release|Any CPU
		{E5A30535-B32C-4021-8375-FD2C3B36A5EC}.Release|Any CPU.Build.0 = Release|Any CPU
		{C9E3594D-C820-46C2-9169-8737ECC560D1}.Debug|Any CPU.ActiveCfg = Debug|Any CPU
		{C9E3594D-C820-46C2-9169-8737ECC560D1}.Debug|Any CPU.Build.0 = Debug|Any CPU
		{C9E3594D-C820-46C2-9169-8737ECC560D1}.Release|Any CPU.ActiveCfg = Release|Any CPU
		{C9E3594D-C820-46C2-9169-8737ECC560D1}.Release|Any CPU.Build.0 = Release|Any CPU
		{7B572A8A-153F-4CEA-9A79-240681C6BD83}.Debug|Any CPU.ActiveCfg = Debug|Any CPU
		{7B572A8A-153F-4CEA-9A79-240681C6BD83}.Debug|Any CPU.Build.0 = Debug|Any CPU
		{7B572A8A-153F-4CEA-9A79-240681C6BD83}.Release|Any CPU.ActiveCfg = Release|Any CPU
		{7B572A8A-153F-4CEA-9A79-240681C6BD83}.Release|Any CPU.Build.0 = Release|Any CPU
		{3670A8C5-FFA6-405F-B131-C28DB1219E70}.Debug|Any CPU.ActiveCfg = Debug|Any CPU
		{3670A8C5-FFA6-405F-B131-C28DB1219E70}.Debug|Any CPU.Build.0 = Debug|Any CPU
		{3670A8C5-FFA6-405F-B131-C28DB1219E70}.Release|Any CPU.ActiveCfg = Release|Any CPU
		{3670A8C5-FFA6-405F-B131-C28DB1219E70}.Release|Any CPU.Build.0 = Release|Any CPU
		{0C696822-B403-41EC-8AFB-44E981D746B4}.Debug|Any CPU.ActiveCfg = Debug|Any CPU
		{0C696822-B403-41EC-8AFB-44E981D746B4}.Debug|Any CPU.Build.0 = Debug|Any CPU
		{0C696822-B403-41EC-8AFB-44E981D746B4}.Release|Any CPU.ActiveCfg = Release|Any CPU
		{0C696822-B403-41EC-8AFB-44E981D746B4}.Release|Any CPU.Build.0 = Release|Any CPU
		{C97E55FC-D2BF-4CB1-91D4-22AD9ADE26DA}.Debug|Any CPU.ActiveCfg = Debug|Any CPU
		{C97E55FC-D2BF-4CB1-91D4-22AD9ADE26DA}.Debug|Any CPU.Build.0 = Debug|Any CPU
		{C97E55FC-D2BF-4CB1-91D4-22AD9ADE26DA}.Release|Any CPU.ActiveCfg = Release|Any CPU
		{C97E55FC-D2BF-4CB1-91D4-22AD9ADE26DA}.Release|Any CPU.Build.0 = Release|Any CPU
		{AAF93FAC-9F0B-4053-B07F-3C716354C26D}.Debug|Any CPU.ActiveCfg = Debug|Any CPU
		{AAF93FAC-9F0B-4053-B07F-3C716354C26D}.Debug|Any CPU.Build.0 = Debug|Any CPU
		{AAF93FAC-9F0B-4053-B07F-3C716354C26D}.Release|Any CPU.ActiveCfg = Release|Any CPU
		{AAF93FAC-9F0B-4053-B07F-3C716354C26D}.Release|Any CPU.Build.0 = Release|Any CPU
		{37C6ED61-DA5B-4224-9A07-867B3FA2FBED}.Debug|Any CPU.ActiveCfg = Debug|Any CPU
		{37C6ED61-DA5B-4224-9A07-867B3FA2FBED}.Debug|Any CPU.Build.0 = Debug|Any CPU
		{37C6ED61-DA5B-4224-9A07-867B3FA2FBED}.Release|Any CPU.ActiveCfg = Release|Any CPU
		{37C6ED61-DA5B-4224-9A07-867B3FA2FBED}.Release|Any CPU.Build.0 = Release|Any CPU
		{2E6A1251-D46C-4EF4-BDC8-110BF0F5F740}.Debug|Any CPU.ActiveCfg = Debug|Any CPU
		{2E6A1251-D46C-4EF4-BDC8-110BF0F5F740}.Debug|Any CPU.Build.0 = Debug|Any CPU
		{2E6A1251-D46C-4EF4-BDC8-110BF0F5F740}.Release|Any CPU.ActiveCfg = Release|Any CPU
		{2E6A1251-D46C-4EF4-BDC8-110BF0F5F740}.Release|Any CPU.Build.0 = Release|Any CPU
		{53318EDB-B455-4541-9327-E85B3BC8C52C}.Debug|Any CPU.ActiveCfg = Debug|Any CPU
		{53318EDB-B455-4541-9327-E85B3BC8C52C}.Debug|Any CPU.Build.0 = Debug|Any CPU
		{53318EDB-B455-4541-9327-E85B3BC8C52C}.Release|Any CPU.ActiveCfg = Release|Any CPU
		{53318EDB-B455-4541-9327-E85B3BC8C52C}.Release|Any CPU.Build.0 = Release|Any CPU
		{D5678408-0701-47E4-905A-0570612815B7}.Debug|Any CPU.ActiveCfg = Debug|Any CPU
		{D5678408-0701-47E4-905A-0570612815B7}.Debug|Any CPU.Build.0 = Debug|Any CPU
		{D5678408-0701-47E4-905A-0570612815B7}.Release|Any CPU.ActiveCfg = Release|Any CPU
		{D5678408-0701-47E4-905A-0570612815B7}.Release|Any CPU.Build.0 = Release|Any CPU
		{AC24D643-67FE-4253-A7C2-8CEBE177047A}.Debug|Any CPU.ActiveCfg = Debug|Any CPU
		{AC24D643-67FE-4253-A7C2-8CEBE177047A}.Debug|Any CPU.Build.0 = Debug|Any CPU
		{AC24D643-67FE-4253-A7C2-8CEBE177047A}.Release|Any CPU.ActiveCfg = Release|Any CPU
		{AC24D643-67FE-4253-A7C2-8CEBE177047A}.Release|Any CPU.Build.0 = Release|Any CPU
		{EF08BF11-C404-4BC5-8BC2-9579BC4C6874}.Debug|Any CPU.ActiveCfg = Debug|Any CPU
		{EF08BF11-C404-4BC5-8BC2-9579BC4C6874}.Debug|Any CPU.Build.0 = Debug|Any CPU
		{EF08BF11-C404-4BC5-8BC2-9579BC4C6874}.Release|Any CPU.ActiveCfg = Release|Any CPU
		{EF08BF11-C404-4BC5-8BC2-9579BC4C6874}.Release|Any CPU.Build.0 = Release|Any CPU
		{FF432AD9-DFA1-45DA-B8EC-76F514448353}.Debug|Any CPU.ActiveCfg = Debug|Any CPU
		{FF432AD9-DFA1-45DA-B8EC-76F514448353}.Debug|Any CPU.Build.0 = Debug|Any CPU
		{FF432AD9-DFA1-45DA-B8EC-76F514448353}.Release|Any CPU.ActiveCfg = Release|Any CPU
		{FF432AD9-DFA1-45DA-B8EC-76F514448353}.Release|Any CPU.Build.0 = Release|Any CPU
		{BCE44429-F51C-40F0-B4AF-4531D5E2FDCC}.Debug|Any CPU.ActiveCfg = Debug|Any CPU
		{BCE44429-F51C-40F0-B4AF-4531D5E2FDCC}.Debug|Any CPU.Build.0 = Debug|Any CPU
		{BCE44429-F51C-40F0-B4AF-4531D5E2FDCC}.Release|Any CPU.ActiveCfg = Release|Any CPU
		{BCE44429-F51C-40F0-B4AF-4531D5E2FDCC}.Release|Any CPU.Build.0 = Release|Any CPU
		{AA6889E8-066A-4ECB-8DCD-1290F701577C}.Debug|Any CPU.ActiveCfg = Debug|Any CPU
		{AA6889E8-066A-4ECB-8DCD-1290F701577C}.Debug|Any CPU.Build.0 = Debug|Any CPU
		{AA6889E8-066A-4ECB-8DCD-1290F701577C}.Release|Any CPU.ActiveCfg = Release|Any CPU
		{AA6889E8-066A-4ECB-8DCD-1290F701577C}.Release|Any CPU.Build.0 = Release|Any CPU
	EndGlobalSection
	GlobalSection(SolutionProperties) = preSolution
		HideSolutionNode = FALSE
	EndGlobalSection
	GlobalSection(NestedProjects) = preSolution
		{E5A30535-B32C-4021-8375-FD2C3B36A5EC} = {4BBC87BC-CB1C-4446-B327-C391F6E89271}
		{A56F2A95-4A78-49B3-9BB0-A040CAED3569} = {4BBC87BC-CB1C-4446-B327-C391F6E89271}
		{C9E3594D-C820-46C2-9169-8737ECC560D1} = {A56F2A95-4A78-49B3-9BB0-A040CAED3569}
		{F26F00B8-3B99-4268-B8F5-98C66E23D6DB} = {4BBC87BC-CB1C-4446-B327-C391F6E89271}
		{2CE5A456-B3B0-4573-9158-8D4917340AAC} = {F26F00B8-3B99-4268-B8F5-98C66E23D6DB}
		{7B572A8A-153F-4CEA-9A79-240681C6BD83} = {F26F00B8-3B99-4268-B8F5-98C66E23D6DB}
		{3670A8C5-FFA6-405F-B131-C28DB1219E70} = {4BBC87BC-CB1C-4446-B327-C391F6E89271}
		{DE04EDF9-BE0C-4037-81E4-B142DFA999CD} = {8E187F18-DFBF-481C-A4DC-1B7667AB86FD}
		{0C696822-B403-41EC-8AFB-44E981D746B4} = {DE04EDF9-BE0C-4037-81E4-B142DFA999CD}
		{AAF93FAC-9F0B-4053-B07F-3C716354C26D} = {8E187F18-DFBF-481C-A4DC-1B7667AB86FD}
		{37C6ED61-DA5B-4224-9A07-867B3FA2FBED} = {4BBC87BC-CB1C-4446-B327-C391F6E89271}
		{2E6A1251-D46C-4EF4-BDC8-110BF0F5F740} = {4BBC87BC-CB1C-4446-B327-C391F6E89271}
		{53318EDB-B455-4541-9327-E85B3BC8C52C} = {F26F00B8-3B99-4268-B8F5-98C66E23D6DB}
		{D5678408-0701-47E4-905A-0570612815B7} = {2CE5A456-B3B0-4573-9158-8D4917340AAC}
		{AC24D643-67FE-4253-A7C2-8CEBE177047A} = {A56F2A95-4A78-49B3-9BB0-A040CAED3569}
		{EF08BF11-C404-4BC5-8BC2-9579BC4C6874} = {4BBC87BC-CB1C-4446-B327-C391F6E89271}
		{FF432AD9-DFA1-45DA-B8EC-76F514448353} = {A56F2A95-4A78-49B3-9BB0-A040CAED3569}
		{BCE44429-F51C-40F0-B4AF-4531D5E2FDCC} = {A56F2A95-4A78-49B3-9BB0-A040CAED3569}
		{AA6889E8-066A-4ECB-8DCD-1290F701577C} = {4BBC87BC-CB1C-4446-B327-C391F6E89271}
	EndGlobalSection
	GlobalSection(ExtensibilityGlobals) = postSolution
		SolutionGuid = {A1343F22-3AAD-4AD8-8675-2A75BB0BD421}
	EndGlobalSection
EndGlobal
